
Microsoft Visual Studio Solution File, Format Version 12.00
# Visual Studio 15
VisualStudioVersion = 15.0.26730.12
MinimumVisualStudioVersion = 10.0.40219.1
Project("{FAE04EC0-301F-11D3-BF4B-00C04F79EFBC}") = "RadioApplication", "RadioApplication.csproj", "{B504303C-0230-4078-B63D-C76F17C8306A}"
EndProject
Global
	GlobalSection(SolutionConfigurationPlatforms) = preSolution
		Debug|Any CPU = Debug|Any CPU
		Release|Any CPU = Release|Any CPU
	EndGlobalSection
	GlobalSection(ProjectConfigurationPlatforms) = postSolution
		{B504303C-0230-4078-B63D-C76F17C8306A}.Debug|Any CPU.ActiveCfg = Debug|Any CPU
		{B504303C-0230-4078-B63D-C76F17C8306A}.Debug|Any CPU.Build.0 = Debug|Any CPU
		{B504303C-0230-4078-B63D-C76F17C8306A}.Release|Any CPU.ActiveCfg = Release|Any CPU
		{B504303C-0230-4078-B63D-C76F17C8306A}.Release|Any CPU.Build.0 = Release|Any CPU
	EndGlobalSection
	GlobalSection(SolutionProperties) = preSolution
		HideSolutionNode = FALSE
	EndGlobalSection
	GlobalSection(ExtensibilityGlobals) = postSolution
		SolutionGuid = {F299E0DF-8A40-45F9-901B-52BF6D3F821E}
	EndGlobalSection
EndGlobal
